
Microsoft Visual Studio Solution File, Format Version 12.00
# Visual Studio Version 17
VisualStudioVersion = 17.14.37111.16 d17.14
MinimumVisualStudioVersion = 10.0.40219.1
Project("{FAE04EC0-301F-11D3-BF4B-00C04F79EFBC}") = "IslandSurvivor", "IslandSurvivor.csproj", "{EDA72C7A-FC1F-72DA-5BAF-A9975DC141B3}"
EndProject
Global
	GlobalSection(SolutionConfigurationPlatforms) = preSolution
		Debug|Any CPU = Debug|Any CPU
		ExportDebug|Any CPU = ExportDebug|Any CPU
		ExportRelease|Any CPU = ExportRelease|Any CPU
	EndGlobalSection
	GlobalSection(ProjectConfigurationPlatforms) = postSolution
		{EDA72C7A-FC1F-72DA-5BAF-A9975DC141B3}.Debug|Any CPU.ActiveCfg = Debug|Any CPU
		{EDA72C7A-FC1F-72DA-5BAF-A9975DC141B3}.Debug|Any CPU.Build.0 = Debug|Any CPU
		{EDA72C7A-FC1F-72DA-5BAF-A9975DC141B3}.ExportDebug|Any CPU.ActiveCfg = ExportDebug|Any CPU
		{EDA72C7A-FC1F-72DA-5BAF-A9975DC141B3}.ExportDebug|Any CPU.Build.0 = ExportDebug|Any CPU
		{EDA72C7A-FC1F-72DA-5BAF-A9975DC141B3}.ExportRelease|Any CPU.ActiveCfg = ExportRelease|Any CPU
		{EDA72C7A-FC1F-72DA-5BAF-A9975DC141B3}.ExportRelease|Any CPU.Build.0 = ExportRelease|Any CPU
	EndGlobalSection
	GlobalSection(SolutionProperties) = preSolution
		HideSolutionNode = FALSE
	EndGlobalSection
	GlobalSection(ExtensibilityGlobals) = postSolution
		SolutionGuid = {E60CA6EA-0E66-4C49-9B70-473959CA8169}
	EndGlobalSection
EndGlobal
